# THIS IS AN AUTOGENERATED FILE. DO NOT EDIT THIS FILE DIRECTLY.
# yarn lockfile v1


"@lhncbc/ucum-lhc@^4.1.3":
  "integrity" "sha512-F49BJBDr5lE+AkbyJVRE4b/cog3mP5xK+SlxSyztUk2Wzak5bX5vydQhdCmyRZupgtDQlFAvEr7TmIuUmNHH8g=="
  "resolved" "https://registry.npmjs.org/@lhncbc/ucum-lhc/-/ucum-lhc-4.1.3.tgz"
  "version" "4.1.3"
  dependencies:
    "csv-parse" "^4.4.6"
    "csv-stringify" "^1.0.4"
    "escape-html" "^1.0.3"
    "grunt-extract-sourcemap" "^0.1.19"
    "is-integer" "^1.0.6"
    "jsonfile" "^2.2.3"
    "stream" "0.0.2"
    "stream-transform" "^0.1.1"
    "string-to-stream" "^1.1.0"
    "xmldoc" "^0.4.0"

"@trust/keyto@^0.3.4":
  "integrity" "sha512-t5kWWCTkPgg24JWVuCTPMx7l13F7YHdxBeJkT1vmoHjROgiOIEAN8eeY+iRmP1Hwsx+S7U55HyuqSsECr08a8A=="
  "resolved" "https://registry.npmjs.org/@trust/keyto/-/keyto-0.3.7.tgz"
  "version" "0.3.7"
  dependencies:
    "asn1.js" "^5.0.1"
    "base64url" "^3.0.1"
    "elliptic" "^6.4.1"

"@trust/webcrypto@^0.9.2":
  "integrity" "sha512-5iMAVcGYKhqLJGjefB1nzuQSqUJTru0nG4CytpBT/GGp1Piz/MVnj2jORdYf4JBYzggCIa8WZUr2rchP2Ngn/w=="
  "resolved" "https://registry.npmjs.org/@trust/webcrypto/-/webcrypto-0.9.2.tgz"
  "version" "0.9.2"
  dependencies:
    "@trust/keyto" "^0.3.4"
    "base64url" "^3.0.0"
    "elliptic" "^6.4.0"
    "node-rsa" "^0.4.0"
    "text-encoding" "^0.6.1"

"adler-32@~1.2.0":
  "integrity" "sha1-aj5r8KY5ALoVZSgIyxXGgT0aXyU="
  "resolved" "https://registry.npmjs.org/adler-32/-/adler-32-1.2.0.tgz"
  "version" "1.2.0"
  dependencies:
    "exit-on-epipe" "~1.0.1"
    "printj" "~1.1.0"

"ansi-regex@^5.0.0":
  "integrity" "sha512-bY6fj56OUQ0hU1KjFNDQuJFezqKdrAyFdIevADiqrWHwSlbmBNMHp5ak2f40Pm8JTFyM2mqxkG6ngkHO11f/lg=="
  "resolved" "https://registry.npmjs.org/ansi-regex/-/ansi-regex-5.0.0.tgz"
  "version" "5.0.0"

"ansi-styles@^4.0.0":
  "integrity" "sha512-zbB9rCJAT1rbjiVDb2hqKFHNYLxgtk8NURxZ3IZwD3F6NtxbXZQCnnSi1Lkx+IDohdPlFp222wVALIheZJQSEg=="
  "resolved" "https://registry.npmjs.org/ansi-styles/-/ansi-styles-4.3.0.tgz"
  "version" "4.3.0"
  dependencies:
    "color-convert" "^2.0.1"

"antlr4@^4.7.1":
  "integrity" "sha512-TAS2RfNblx/wlfy/h0YNaBSC1sg5rQ4Twm0h/ksCoWRAsLo9Freh367zXtRZdKVYSOLkOJbPDJL6TFclCr0Xvw=="
  "resolved" "https://registry.npmjs.org/antlr4/-/antlr4-4.9.0.tgz"
  "version" "4.9.0"

"argparse@^1.0.7":
  "integrity" "sha512-o5Roy6tNG4SL/FOkCAN6RzjiakZS25RLYFrcMttJqbdd8BWrnA+fGz57iN5Pb06pvBGvl5gQ0B48dJlslXvoTg=="
  "resolved" "https://registry.npmjs.org/argparse/-/argparse-1.0.10.tgz"
  "version" "1.0.10"
  dependencies:
    "sprintf-js" "~1.0.2"

"asn1.js@^5.0.1":
  "integrity" "sha512-+I//4cYPccV8LdmBLiX8CYvf9Sp3vQsrqu2QNXRcrbiWvcx/UdlFiqUJJzxRQxgsZmvhXhn4cSKeSmoFjVdupA=="
  "resolved" "https://registry.npmjs.org/asn1.js/-/asn1.js-5.4.1.tgz"
  "version" "5.4.1"
  dependencies:
    "bn.js" "^4.0.0"
    "inherits" "^2.0.1"
    "minimalistic-assert" "^1.0.0"
    "safer-buffer" "^2.1.0"

"asn1@0.2.3":
  "integrity" "sha1-2sh4dxPJlmhJ/IGAd36+nB3fO4Y="
  "resolved" "https://registry.npmjs.org/asn1/-/asn1-0.2.3.tgz"
  "version" "0.2.3"

"b64-lite@^1.3.1", "b64-lite@^1.4.0":
  "integrity" "sha512-aHe97M7DXt+dkpa8fHlCcm1CnskAHrJqEfMI0KN7dwqlzml/aUe1AGt6lk51HzrSfVD67xOso84sOpr+0wIe2w=="
  "resolved" "https://registry.npmjs.org/b64-lite/-/b64-lite-1.4.0.tgz"
  "version" "1.4.0"
  dependencies:
    "base-64" "^0.1.0"

"b64u-lite@^1.0.1":
  "integrity" "sha512-929qWGDVCRph7gQVTC6koHqQIpF4vtVaSbwLltFQo44B1bYUquALswZdBKFfrJCPEnsCOvWkJsPdQYZ/Ukhw8A=="
  "resolved" "https://registry.npmjs.org/b64u-lite/-/b64u-lite-1.1.0.tgz"
  "version" "1.1.0"
  dependencies:
    "b64-lite" "^1.4.0"

"balanced-match@^1.0.0":
  "integrity" "sha1-ibTRmasr7kneFk6gK4nORi1xt2c="
  "resolved" "https://registry.npmjs.org/balanced-match/-/balanced-match-1.0.0.tgz"
  "version" "1.0.0"

"base-64@^0.1.0":
  "integrity" "sha1-eAqZyE59YAJgNhURxId2E78k9rs="
  "resolved" "https://registry.npmjs.org/base-64/-/base-64-0.1.0.tgz"
  "version" "0.1.0"

"base58-universal@^1.0.0":
  "integrity" "sha512-v0Ja4jwaQP8gBZPNXpfaXlLht2ed/Gp3AsVUZXtlZgY1qbKS0CjxvYs43U0Gh00zbVc1neMe+q/ULJ7ubVyB+w=="
  "resolved" "https://registry.npmjs.org/base58-universal/-/base58-universal-1.0.0.tgz"
  "version" "1.0.0"
  dependencies:
    "esm" "^3.2.25"

"base64-js@*", "base64-js@^1.3.1":
  "integrity" "sha512-AKpaYlHn8t4SVbOHCy+b5+KKgvR4vrsD8vbvrbiQJps7fKDTkjkDry6ji0rUJjC0kzbNePLwzxq8iypo41qeWA=="
  "resolved" "https://registry.npmjs.org/base64-js/-/base64-js-1.5.1.tgz"
  "version" "1.5.1"

"base64url@^3.0.0", "base64url@^3.0.1":
  "integrity" "sha512-ir1UPr3dkwexU7FdV8qBBbNDRUhMmIekYMFZfi+C/sLNnRESKPl23nB9b2pltqfOQNnGzsDdId90AEtG5tCx4A=="
  "resolved" "https://registry.npmjs.org/base64url/-/base64url-3.0.1.tgz"
  "version" "3.0.1"

"bignumber.js@^9.0.0":
  "integrity" "sha512-IdZR9mh6ahOBv/hYGiXyVuyCetmGJhtYkqLBpTStdhEGjegpPlUawydyaF3pbIOFynJTpllEs+NP+CS9jKFLjA=="
  "resolved" "https://registry.npmjs.org/bignumber.js/-/bignumber.js-9.0.1.tgz"
  "version" "9.0.1"

"blakejs@^1.1.0":
  "integrity" "sha1-ad+S75U6qIylGjLfarHFShVfx6U="
  "resolved" "https://registry.npmjs.org/blakejs/-/blakejs-1.1.0.tgz"
  "version" "1.1.0"

"bn.js@^4.0.0", "bn.js@^4.11.9":
  "integrity" "sha512-E6QoYqCKZfgatHTdHzs1RRKP7ip4vvm+EyRUeE2RF0NblwVvb0p6jSVeNTOFxPn26QXN2o6SMfNxKp6kU8zQaw=="
  "resolved" "https://registry.npmjs.org/bn.js/-/bn.js-4.11.9.tgz"
  "version" "4.11.9"

"borc@^2.1.1":
  "integrity" "sha512-Sy9eoUi4OiKzq7VovMn246iTo17kzuyHJKomCfpWMlI6RpfN1gk95w7d7gH264nApVLg0HZfcpz62/g4VH1Y4w=="
  "resolved" "https://registry.npmjs.org/borc/-/borc-2.1.2.tgz"
  "version" "2.1.2"
  dependencies:
    "bignumber.js" "^9.0.0"
    "buffer" "^5.5.0"
    "commander" "^2.15.0"
    "ieee754" "^1.1.13"
    "iso-url" "~0.4.7"
    "json-text-sequence" "~0.1.0"
    "readable-stream" "^3.6.0"

"brace-expansion@^1.1.7":
  "integrity" "sha512-iCuPHDFgrHX7H2vEI/5xpz07zSHB00TpugqhmYtVmMO6518mCuRMoOYFldEBl0g187ufozdaHgWKcYFb61qGiA=="
  "resolved" "https://registry.npmjs.org/brace-expansion/-/brace-expansion-1.1.11.tgz"
  "version" "1.1.11"
  dependencies:
    "balanced-match" "^1.0.0"
    "concat-map" "0.0.1"

"brorand@^1.1.0":
  "integrity" "sha1-EsJe/kCkXjwyPrhnWgoM5XsiNx8="
  "resolved" "https://registry.npmjs.org/brorand/-/brorand-1.1.0.tgz"
  "version" "1.1.0"

"buffer@^5.5.0":
  "integrity" "sha512-EHcyIPBQ4BSGlvjB16k5KgAJ27CIsHY/2JBmCRReo48y9rQ3MaUzWX3KVlBa4U7MyX02HdVj0K7C3WaB3ju7FQ=="
  "resolved" "https://registry.npmjs.org/buffer/-/buffer-5.7.1.tgz"
  "version" "5.7.1"
  dependencies:
    "base64-js" "^1.3.1"
    "ieee754" "^1.1.13"

"cfb@^1.1.4":
  "integrity" "sha512-sXMvHsKCICVR3Naq+J556K+ExBo9n50iKl6LGarlnvuA2035uMlGA/qVrc0wQtow5P1vJEw9UyrKLCbtIKz+TQ=="
  "resolved" "https://registry.npmjs.org/cfb/-/cfb-1.2.0.tgz"
  "version" "1.2.0"
  dependencies:
    "adler-32" "~1.2.0"
    "crc-32" "~1.2.0"
    "printj" "~1.1.2"

"cliui@^7.0.2":
  "integrity" "sha512-OcRE68cOsVMXp1Yvonl/fzkQOyjLSu/8bhPDfQt0e0/Eb283TKP20Fs2MqoPsr9SwA595rRCA+QMzYc9nBP+JQ=="
  "resolved" "https://registry.npmjs.org/cliui/-/cliui-7.0.4.tgz"
  "version" "7.0.4"
  dependencies:
    "string-width" "^4.2.0"
    "strip-ansi" "^6.0.0"
    "wrap-ansi" "^7.0.0"

"clone@2.x":
  "integrity" "sha1-G39Ln1kfHo+DZwQBYANFoCiHQ18="
  "resolved" "https://registry.npmjs.org/clone/-/clone-2.1.2.tgz"
  "version" "2.1.2"

"codepage@~1.14.0":
  "integrity" "sha1-jL4lSBMjVZ19MHVxsP/5HnodL5k="
  "resolved" "https://registry.npmjs.org/codepage/-/codepage-1.14.0.tgz"
  "version" "1.14.0"
  dependencies:
    "commander" "~2.14.1"
    "exit-on-epipe" "~1.0.1"

"coffee-script@~1.10.0":
  "integrity" "sha1-EpOLz5vhlI+gBvkuDEyegXBRCMA="
  "resolved" "https://registry.npmjs.org/coffee-script/-/coffee-script-1.10.0.tgz"
  "version" "1.10.0"

"color-convert@^2.0.1":
  "integrity" "sha512-RRECPsj7iu/xb5oKYcsFHSppFNnsj/52OVTRKb4zP5onXwVF3zVmmToNcOfGC+CRDpfK/U584fMg38ZHCaElKQ=="
  "resolved" "https://registry.npmjs.org/color-convert/-/color-convert-2.0.1.tgz"
  "version" "2.0.1"
  dependencies:
    "color-name" "~1.1.4"

"color-name@~1.1.4":
  "integrity" "sha512-dOy+3AuW3a2wNbZHIuMZpTcgjGuLU/uBL/ubcZF9OXbDo8ff4O8yVp5Bf0efS8uEoYo5q4Fx7dY9OgQGXgAsQA=="
  "resolved" "https://registry.npmjs.org/color-name/-/color-name-1.1.4.tgz"
  "version" "1.1.4"

"commander@^2.15.0", "commander@^2.18.0":
  "integrity" "sha512-GpVkmM8vF2vQUkj2LvZmD35JxeJOLCwJ9cUkugyk2nuhbv3+mJvpLYYt+0+USMxE+oj+ey/lJEnhZw75x/OMcQ=="
  "resolved" "https://registry.npmjs.org/commander/-/commander-2.20.3.tgz"
  "version" "2.20.3"

"commander@~2.14.1":
  "integrity" "sha512-+YR16o3rK53SmWHU3rEM3tPAh2rwb1yPcQX5irVn7mb0gXbwuCCrnkbV5+PBfETdfg1vui07nM6PCG1zndcjQw=="
  "resolved" "https://registry.npmjs.org/commander/-/commander-2.14.1.tgz"
  "version" "2.14.1"

"commander@~2.17.1":
  "integrity" "sha512-wPMUt6FnH2yzG95SA6mzjQOEKUU3aLaDEmzs1ti+1E9h+CsrZghRlqEM/EJ4KscsQVG8uNN4uVreUeT8+drlgg=="
  "resolved" "https://registry.npmjs.org/commander/-/commander-2.17.1.tgz"
  "version" "2.17.1"

"concat-map@0.0.1":
  "integrity" "sha1-2Klr13/Wjfd5OnMDajug1UBdR3s="
  "resolved" "https://registry.npmjs.org/concat-map/-/concat-map-0.0.1.tgz"
  "version" "0.0.1"

"configstore@^5.0.1":
  "integrity" "sha512-aMKprgk5YhBNyH25hj8wGt2+D52Sw1DRRIzqBwLp2Ya9mFmY8KPvvtvmna8SxVR9JMZ4kzMD68N22vlaRpkeFA=="
  "resolved" "https://registry.npmjs.org/configstore/-/configstore-5.0.1.tgz"
  "version" "5.0.1"
  dependencies:
    "dot-prop" "^5.2.0"
    "graceful-fs" "^4.1.2"
    "make-dir" "^3.0.0"
    "unique-string" "^2.0.0"
    "write-file-atomic" "^3.0.0"
    "xdg-basedir" "^4.0.0"

"core-util-is@~1.0.0":
  "integrity" "sha1-tf1UIgqivFq1eqtxQMlAdUUDwac="
  "resolved" "https://registry.npmjs.org/core-util-is/-/core-util-is-1.0.2.tgz"
  "version" "1.0.2"

"crc-32@~1.2.0":
  "integrity" "sha512-1uBwHxF+Y/4yF5G48fwnKq6QsIXheor3ZLPT80yGBV1oEUwpPojlEhQbWKVw1VwcTQyMGHK1/XMmTjmlsmTTGA=="
  "resolved" "https://registry.npmjs.org/crc-32/-/crc-32-1.2.0.tgz"
  "version" "1.2.0"
  dependencies:
    "exit-on-epipe" "~1.0.1"
    "printj" "~1.1.0"

"crypto-random-string@^2.0.0":
  "integrity" "sha512-v1plID3y9r/lPhviJ1wrXpLeyUIGAZ2SHNYTEapm7/8A9nLPoyvVp3RK/EPFqn5kEznyWgYZNsRtYYIWbuG8KA=="
  "resolved" "https://registry.npmjs.org/crypto-random-string/-/crypto-random-string-2.0.0.tgz"
  "version" "2.0.0"

"csv-parse@^4.4.6":
  "integrity" "sha512-YE2xlTKtM035/94llhgsp9qFQxGi47EkQJ1pZ+mLT/98GpIsbjkMGAb7Rmu9hNxVfYFOLf10hP+rPVqnoccLgw=="
  "resolved" "https://registry.npmjs.org/csv-parse/-/csv-parse-4.14.2.tgz"
  "version" "4.14.2"

"csv-stringify@^1.0.4":
  "integrity" "sha1-d6QVJlgbzjOA8SsA18W7rHDIK1g="
  "resolved" "https://registry.npmjs.org/csv-stringify/-/csv-stringify-1.1.2.tgz"
  "version" "1.1.2"
  dependencies:
    "lodash.get" "~4.4.2"

"date-fns@^1.30.1":
  "integrity" "sha512-hBSVCvSmWC+QypYObzwGOd9wqdDpOt+0wl0KbU+R+uuZBS1jN8VsD1ss3irQDknRj5NvxiTF6oj/nDRnN/UQNw=="
  "resolved" "https://registry.npmjs.org/date-fns/-/date-fns-1.30.1.tgz"
  "version" "1.30.1"

"delimit-stream@0.1.0":
  "integrity" "sha1-m4MZR3wOX4rrPONXrjBfwl6hzSs="
  "resolved" "https://registry.npmjs.org/delimit-stream/-/delimit-stream-0.1.0.tgz"
  "version" "0.1.0"

"dot-prop@^5.2.0":
  "integrity" "sha512-QM8q3zDe58hqUqjraQOmzZ1LIH9SWQJTlEKCH4kJ2oQvLZk7RbQXvtDM2XEq3fwkV9CCvvH4LA0AV+ogFsBM2Q=="
  "resolved" "https://registry.npmjs.org/dot-prop/-/dot-prop-5.3.0.tgz"
  "version" "5.3.0"
  dependencies:
    "is-obj" "^2.0.0"

"elliptic@^6.4.0", "elliptic@^6.4.1":
  "integrity" "sha512-iLhC6ULemrljPZb+QutR5TQGB+pdW6KGD5RSegS+8sorOZT+rdQFbsQFJgvN3eRqNALqJer4oQ16YvJHlU8hzQ=="
  "resolved" "https://registry.npmjs.org/elliptic/-/elliptic-6.5.4.tgz"
  "version" "6.5.4"
  dependencies:
    "bn.js" "^4.11.9"
    "brorand" "^1.1.0"
    "hash.js" "^1.0.0"
    "hmac-drbg" "^1.0.1"
    "inherits" "^2.0.4"
    "minimalistic-assert" "^1.0.1"
    "minimalistic-crypto-utils" "^1.0.1"

"emitter-component@^1.1.1":
  "integrity" "sha1-Bl4tvtaVm/RwZ57avq95gdEAOrY="
  "resolved" "https://registry.npmjs.org/emitter-component/-/emitter-component-1.1.1.tgz"
  "version" "1.1.1"

"emoji-regex@^8.0.0":
  "integrity" "sha512-MSjYzcWNOA0ewAHpz0MxpYFvwg6yjy1NG3xteoqz644VCo/RPgnr1/GGt+ic3iJTzQ8Eu3TdM14SawnVUmGE6A=="
  "resolved" "https://registry.npmjs.org/emoji-regex/-/emoji-regex-8.0.0.tgz"
  "version" "8.0.0"

"escalade@^3.1.1":
  "integrity" "sha512-k0er2gUkLf8O0zKJiAhmkTnJlTvINGv7ygDNPbeIsX/TJjGJZHuh9B2UxbsaEkmlEo9MfhrSzmhIlhRlI2GXnw=="
  "resolved" "https://registry.npmjs.org/escalade/-/escalade-3.1.1.tgz"
  "version" "3.1.1"

"escape-html@^1.0.3":
  "integrity" "sha1-Aljq5NPQwJdN4cFpGI7wBR0dGYg="
  "resolved" "https://registry.npmjs.org/escape-html/-/escape-html-1.0.3.tgz"
  "version" "1.0.3"

"esm@^3.2.22", "esm@^3.2.25":
  "integrity" "sha512-U1suiZ2oDVWv4zPO56S0NcR5QriEahGtdN2OR6FiOG4WJvcjBVFB0qI4+eKoWFH483PKGuLuu6V8Z4T5g63UVA=="
  "resolved" "https://registry.npmjs.org/esm/-/esm-3.2.25.tgz"
  "version" "3.2.25"

"esprima@^4.0.0":
  "integrity" "sha512-eGuFFw7Upda+g4p+QHvnW0RyTX/SVeJBDM/gCtMARO0cLuT2HcEKnTPvhjV6aGeqrCB/sbNop0Kszm0jsaWU4A=="
  "resolved" "https://registry.npmjs.org/esprima/-/esprima-4.0.1.tgz"
  "version" "4.0.1"

"exit-on-epipe@~1.0.1":
  "integrity" "sha512-h2z5mrROTxce56S+pnvAV890uu7ls7f1kEvVGJbw1OlFH3/mlJ5bkXu0KRyW94v37zzHPiUd55iLn3DA7TjWpw=="
  "resolved" "https://registry.npmjs.org/exit-on-epipe/-/exit-on-epipe-1.0.1.tgz"
  "version" "1.0.1"

"fflate@^0.3.8":
  "integrity" "sha512-Rr5QlUeGN1mbOHlaqcSYMKVpPbgLy0AWT/W0EHxA6NGI12yO1jpoui2zBBvU2G824ltM6Ut8BFgfHSBGfkmS0A=="
  "resolved" "https://registry.npmjs.org/fflate/-/fflate-0.3.11.tgz"
  "version" "0.3.11"

"fhirpath.js@^0.0.6":
  "integrity" "sha1-OH9kQrhnT86jleqB2+buCWn+BFc="
  "resolved" "https://registry.npmjs.org/fhirpath.js/-/fhirpath.js-0.0.6.tgz"
  "version" "0.0.6"

"fhirpath@^0.9.2":
  "integrity" "sha512-n8C+fbUzg+Gs+MZe3ldNWqfHqLlBnI5mSrHNhc7y19U54dFQYA470Rw/vtVir9GmdawzeakLt6AVtlGHFIK4Hg=="
  "resolved" "https://registry.npmjs.org/fhirpath/-/fhirpath-0.9.2.tgz"
  "version" "0.9.2"
  dependencies:
    "antlr4" "^4.7.1"
    "commander" "^2.18.0"

"fhirpath@^2.7.1":
  "integrity" "sha512-O7xIrtt3lY7aA0y+i9uJQWvVFWMph3z5ErG6gFI6HxXk+sxou80g1GtjbgawKvDDXGKUu8RPlp9LqrLkzdvp1g=="
  "resolved" "https://registry.npmjs.org/fhirpath/-/fhirpath-2.7.1.tgz"
  "version" "2.7.1"
  dependencies:
    "@lhncbc/ucum-lhc" "^4.1.3"
    "antlr4" "^4.7.1"
    "commander" "^2.18.0"
    "date-fns" "^1.30.1"
    "js-yaml" "^3.13.1"

"frac@~1.1.2":
  "integrity" "sha512-w/XBfkibaTl3YDqASwfDUqkna4Z2p9cFSr1aHDt0WoMTECnRfBOv2WArlZILlqgWlmdIlALXGpM2AOhEk5W3IA=="
  "resolved" "https://registry.npmjs.org/frac/-/frac-1.1.2.tgz"
  "version" "1.1.2"

"get-caller-file@^2.0.5":
  "integrity" "sha512-DyFP3BM/3YHTQOCUL/w0OZHR0lpKeGrxotcHWcqNEdnltqFwXVfhEBQ94eIo34AfQpo0rGki4cyIiftY06h2Fg=="
  "resolved" "https://registry.npmjs.org/get-caller-file/-/get-caller-file-2.0.5.tgz"
  "version" "2.0.5"

"graceful-fs@^4.1.2", "graceful-fs@^4.1.6":
  "integrity" "sha512-WjKPNJF79dtJAVniUlGGWHYGz2jWxT6VhN/4m1NdkbZ2nOsEF+cI1Edgql5zCRhs/VsQYRvrXctxktVXZUkixw=="
  "resolved" "https://registry.npmjs.org/graceful-fs/-/graceful-fs-4.2.4.tgz"
  "version" "4.2.4"

"grunt-extract-sourcemap@^0.1.19":
  "integrity" "sha1-vUYwEl1Wh1x8s7cAA8owE3JFppI="
  "resolved" "https://registry.npmjs.org/grunt-extract-sourcemap/-/grunt-extract-sourcemap-0.1.19.tgz"
  "version" "0.1.19"
  dependencies:
    "coffee-script" "~1.10.0"
    "lazy.js" "~0.4.2"

"handlebars-helpers-fhir@^0.0.8":
  "integrity" "sha512-YVav2F2Pmdon3OC1FfaLNJ5bzc9oIxFT2lcgndU5vMn7mybgP+0m4grWV+IyK6y2qLwhFGjLQ7X/wk/H01ghXg=="
  "resolved" "https://registry.npmjs.org/handlebars-helpers-fhir/-/handlebars-helpers-fhir-0.0.8.tgz"
  "version" "0.0.8"
  dependencies:
    "fhirpath" "^0.9.2"
    "handlebars-utils" "^1.0.6"

"handlebars-utils@^1.0.6":
  "integrity" "sha512-d5mmoQXdeEqSKMtQQZ9WkiUcO1E3tPbWxluCK9hVgIDPzQa9WsKo3Lbe/sGflTe7TomHEeZaOgwIkyIr1kfzkw=="
  "resolved" "https://registry.npmjs.org/handlebars-utils/-/handlebars-utils-1.0.6.tgz"
  "version" "1.0.6"
  dependencies:
    "kind-of" "^6.0.0"
    "typeof-article" "^0.1.1"

"handlebars@^4.7.7":
  "integrity" "sha512-aAcXm5OAfE/8IXkcZvCepKU3VzW1/39Fb5ZuqMtgI/hT8X2YgoMvBY5dLhq/cpOvw7Lk1nK/UF71aLG/ZnVYRA=="
  "resolved" "https://registry.npmjs.org/handlebars/-/handlebars-4.7.7.tgz"
  "version" "4.7.7"
  dependencies:
    "minimist" "^1.2.5"
    "neo-async" "^2.6.0"
    "source-map" "^0.6.1"
    "wordwrap" "^1.0.0"
  optionalDependencies:
    "uglify-js" "^3.1.4"

"hash.js@^1.0.0", "hash.js@^1.0.3":
  "integrity" "sha512-taOaskGt4z4SOANNseOviYDvjEJinIkRgmp7LbKP2YTTmVxWBl87s/uzK9r+44BclBSp2X7K1hqeNfz9JbBeXA=="
  "resolved" "https://registry.npmjs.org/hash.js/-/hash.js-1.1.7.tgz"
  "version" "1.1.7"
  dependencies:
    "inherits" "^2.0.3"
    "minimalistic-assert" "^1.0.1"

"hashlink@^0.12.1":
  "integrity" "sha512-9+Ng4288CE8lLbc8k846MEDlyV3CuX85TWbtTDcQjKI40G5G/LTEfcWiqRri+oItMfHQKFACS2NBharJVzg5Hw=="
  "resolved" "https://registry.npmjs.org/hashlink/-/hashlink-0.12.1.tgz"
  "version" "0.12.1"
  dependencies:
    "base58-universal" "^1.0.0"
    "blakejs" "^1.1.0"
    "borc" "^2.1.1"
    "esm" "^3.2.22"
    "isomorphic-webcrypto" "^1.6.1"

"hmac-drbg@^1.0.1":
  "integrity" "sha1-0nRXAQJabHdabFRXk+1QL8DGSaE="
  "resolved" "https://registry.npmjs.org/hmac-drbg/-/hmac-drbg-1.0.1.tgz"
  "version" "1.0.1"
  dependencies:
    "hash.js" "^1.0.3"
    "minimalistic-assert" "^1.0.0"
    "minimalistic-crypto-utils" "^1.0.1"

"ieee754@^1.1.13":
  "integrity" "sha512-dcyqhDvX1C46lXZcVqCpK+FtMRQVdIMN6/Df5js2zouUsqG7I6sFxitIC+7KYK29KdXOLHdu9zL4sFnoVQnqaA=="
  "resolved" "https://registry.npmjs.org/ieee754/-/ieee754-1.2.1.tgz"
  "version" "1.2.1"

"imurmurhash@^0.1.4":
  "integrity" "sha1-khi5srkoojixPcT7a21XbyMUU+o="
  "resolved" "https://registry.npmjs.org/imurmurhash/-/imurmurhash-0.1.4.tgz"
  "version" "0.1.4"

"inherits@^2.0.1", "inherits@^2.0.3", "inherits@^2.0.4", "inherits@~2.0.3":
  "integrity" "sha512-k/vGaX4/Yla3WzyMCvTQOXYeIHvqOKtnqBduzTHpzpQZzAskKMhZ2K+EnBiSM9zGSoIFeMpXKxa4dYeZIQqewQ=="
  "resolved" "https://registry.npmjs.org/inherits/-/inherits-2.0.4.tgz"
  "version" "2.0.4"

"is-buffer@^1.1.5":
  "integrity" "sha512-NcdALwpXkTm5Zvvbk7owOUSvVvBKDgKP5/ewfXEznmQFfs4ZRmanOeKBTjRVjka3QFoN6XJ+9F3USqfHqTaU5w=="
  "resolved" "https://registry.npmjs.org/is-buffer/-/is-buffer-1.1.6.tgz"
  "version" "1.1.6"

"is-finite@^1.0.0":
  "integrity" "sha512-cdyMtqX/BOqqNBBiKlIVkytNHm49MtMlYyn1zxzvJKWmFMlGzm+ry5BBfYyeY9YmNKbRSo/o7OX9w9ale0wg3w=="
  "resolved" "https://registry.npmjs.org/is-finite/-/is-finite-1.1.0.tgz"
  "version" "1.1.0"

"is-fullwidth-code-point@^3.0.0":
  "integrity" "sha512-zymm5+u+sCsSWyD9qNaejV3DFvhCKclKdizYaJUuHA83RLjb7nSuGnddCHGv0hk+KY7BMAlsWeK4Ueg6EV6XQg=="
  "resolved" "https://registry.npmjs.org/is-fullwidth-code-point/-/is-fullwidth-code-point-3.0.0.tgz"
  "version" "3.0.0"

"is-integer@^1.0.6":
  "integrity" "sha1-a96Bqs3feLZZtmKdYpytxRqIbVw="
  "resolved" "https://registry.npmjs.org/is-integer/-/is-integer-1.0.7.tgz"
  "version" "1.0.7"
  dependencies:
    "is-finite" "^1.0.0"

"is-obj@^2.0.0":
  "integrity" "sha512-drqDG3cbczxxEJRoOXcOjtdp1J/lyp1mNn0xaznRs8+muBhgQcrnbspox5X5fOw0HnMnbfDzvnEMEtqDEJEo8w=="
  "resolved" "https://registry.npmjs.org/is-obj/-/is-obj-2.0.0.tgz"
  "version" "2.0.0"

"is-typedarray@^1.0.0":
  "integrity" "sha1-5HnICFjfDBsR3dppQPlgEfzaSpo="
  "resolved" "https://registry.npmjs.org/is-typedarray/-/is-typedarray-1.0.0.tgz"
  "version" "1.0.0"

"isarray@~1.0.0":
  "integrity" "sha1-u5NdSFgsuhaMBoNJV6VKPgcSTxE="
  "resolved" "https://registry.npmjs.org/isarray/-/isarray-1.0.0.tgz"
  "version" "1.0.0"

"iso-url@~0.4.7":
  "integrity" "sha512-27fFRDnPAMnHGLq36bWTpKET+eiXct3ENlCcdcMdk+mjXrb2kw3mhBUg1B7ewAC0kVzlOPhADzQgz1SE6Tglog=="
  "resolved" "https://registry.npmjs.org/iso-url/-/iso-url-0.4.7.tgz"
  "version" "0.4.7"

"isomorphic-webcrypto@^1.6.1":
  "integrity" "sha512-ylI8dI2w+hlD7UWLXxhX84dwryz37P/hDXFTU2ofcMjDFNB1Ldv27ppw6gtaA9i1L0uRTgR2zMCr5ejZP/m/mA=="
  "resolved" "https://registry.npmjs.org/isomorphic-webcrypto/-/isomorphic-webcrypto-1.6.2.tgz"
  "version" "1.6.2"
  dependencies:
    "@trust/webcrypto" "^0.9.2"
    "b64-lite" "^1.3.1"
    "b64u-lite" "^1.0.1"
    "mitt" "^1.1.3"
    "msrcrypto" "^1.5.4"
    "str2buf" "^1.3.0"
    "webcrypto-shim" "^0.1.4"
  optionalDependencies:
    "react-native-securerandom" "^0.1.1"

"js-yaml@^3.13.1":
  "integrity" "sha512-okMH7OXXJ7YrN9Ok3/SXrnu4iX9yOk+25nqX4imS2npuvTYDmo/QEZoqwZkYaIDk3jVvBOTOIEgEhaLOynBS9g=="
  "resolved" "https://registry.npmjs.org/js-yaml/-/js-yaml-3.14.1.tgz"
  "version" "3.14.1"
  dependencies:
    "argparse" "^1.0.7"
    "esprima" "^4.0.0"

"json-text-sequence@~0.1.0":
  "integrity" "sha1-py8hfcSvxGKf/1/rME3BvVGi89I="
  "resolved" "https://registry.npmjs.org/json-text-sequence/-/json-text-sequence-0.1.1.tgz"
  "version" "0.1.1"
  dependencies:
    "delimit-stream" "0.1.0"

"jsonfile@^2.2.3":
  "integrity" "sha1-NzaitCi4e72gzIO1P6PWM6NcKug="
  "resolved" "https://registry.npmjs.org/jsonfile/-/jsonfile-2.4.0.tgz"
  "version" "2.4.0"
  dependencies:
    "graceful-fs" "^4.1.6"

"kind-of@^3.1.0":
  "integrity" "sha1-MeohpzS6ubuw8yRm2JOupR5KPGQ="
  "resolved" "https://registry.npmjs.org/kind-of/-/kind-of-3.2.2.tgz"
  "version" "3.2.2"
  dependencies:
    "is-buffer" "^1.1.5"

"kind-of@^6.0.0":
  "integrity" "sha512-dcS1ul+9tmeD95T+x28/ehLgd9mENa3LsvDTtzm3vyBEO7RPptvAD+t44WVXaUjTBRcrpFeFlC8WCruUR456hw=="
  "resolved" "https://registry.npmjs.org/kind-of/-/kind-of-6.0.3.tgz"
  "version" "6.0.3"

"lazy.js@~0.4.2":
  "integrity" "sha1-h/Z6B602VVEh5P/xUg3zG+Znhtg="
  "resolved" "https://registry.npmjs.org/lazy.js/-/lazy.js-0.4.3.tgz"
  "version" "0.4.3"

"lodash.get@~4.4.2":
  "integrity" "sha1-LRd/ZS+jHpObRDjVNBSZ36OCXpk="
  "resolved" "https://registry.npmjs.org/lodash.get/-/lodash.get-4.4.2.tgz"
  "version" "4.4.2"

"make-dir@^3.0.0":
  "integrity" "sha512-g3FeP20LNwhALb/6Cz6Dd4F2ngze0jz7tbzrD2wAV+o9FeNHe4rL+yK2md0J/fiSf1sa1ADhXqi5+oVwOM/eGw=="
  "resolved" "https://registry.npmjs.org/make-dir/-/make-dir-3.1.0.tgz"
  "version" "3.1.0"
  dependencies:
    "semver" "^6.0.0"

"minimalistic-assert@^1.0.0", "minimalistic-assert@^1.0.1":
  "integrity" "sha512-UtJcAD4yEaGtjPezWuO9wC4nwUnVH/8/Im3yEHQP4b67cXlD/Qr9hdITCU1xDbSEXg2XKNaP8jsReV7vQd00/A=="
  "resolved" "https://registry.npmjs.org/minimalistic-assert/-/minimalistic-assert-1.0.1.tgz"
  "version" "1.0.1"

"minimalistic-crypto-utils@^1.0.1":
  "integrity" "sha1-9sAMHAsIIkblxNmd+4x8CDsrWCo="
  "resolved" "https://registry.npmjs.org/minimalistic-crypto-utils/-/minimalistic-crypto-utils-1.0.1.tgz"
  "version" "1.0.1"

"minimatch@3.0.4":
  "integrity" "sha512-yJHVQEhyqPLUTgt9B83PXu6W3rx4MvvHvSUvToogpwoGDOUQ+yDrR0HRot+yOCdCO7u4hX3pWft6kWBBcqh0UA=="
  "resolved" "https://registry.npmjs.org/minimatch/-/minimatch-3.0.4.tgz"
  "version" "3.0.4"
  dependencies:
    "brace-expansion" "^1.1.7"

"minimist@^1.2.5":
  "integrity" "sha512-FM9nNUYrRBAELZQT3xeZQ7fmMOBg6nWNmJKTcgsJeaLstP/UODVpGsr5OhXhhXg6f+qtJ8uiZ+PUxkDWcgIXLw=="
  "resolved" "https://registry.npmjs.org/minimist/-/minimist-1.2.5.tgz"
  "version" "1.2.5"

"mitt@^1.1.3":
  "integrity" "sha512-r6lj77KlwqLhIUku9UWYes7KJtsczvolZkzp8hbaDPPaE24OmWl5s539Mytlj22siEQKosZ26qCBgda2PKwoJw=="
  "resolved" "https://registry.npmjs.org/mitt/-/mitt-1.2.0.tgz"
  "version" "1.2.0"

"msrcrypto@^1.5.4":
  "integrity" "sha512-ujZ0TRuozHKKm6eGbKHfXef7f+esIhEckmThVnz7RNyiOJd7a6MXj2JGBoL9cnPDW+JMG16MoTUh5X+XXjI66Q=="
  "resolved" "https://registry.npmjs.org/msrcrypto/-/msrcrypto-1.5.8.tgz"
  "version" "1.5.8"

"neo-async@^2.6.0":
  "integrity" "sha512-Yd3UES5mWCSqR+qNT93S3UoYUkqAZ9lLg8a7g9rimsWmYGK8cVToA4/sF3RrshdyV3sAGMXVUmpMYOw+dLpOuw=="
  "resolved" "https://registry.npmjs.org/neo-async/-/neo-async-2.6.2.tgz"
  "version" "2.6.2"

"node-cache@^5.1.2":
  "integrity" "sha512-t1QzWwnk4sjLWaQAS8CHgOJ+RAfmHpxFWmc36IWTiWHQfs0w5JDMBS1b1ZxQteo0vVVuWJvIUKHDkkeK7vIGCg=="
  "resolved" "https://registry.npmjs.org/node-cache/-/node-cache-5.1.2.tgz"
  "version" "5.1.2"
  dependencies:
    "clone" "2.x"

"node-rsa@^0.4.0":
  "integrity" "sha1-1jkXKewWqDDtWjgEKzFX0tXXJTA="
  "resolved" "https://registry.npmjs.org/node-rsa/-/node-rsa-0.4.2.tgz"
  "version" "0.4.2"
  dependencies:
    "asn1" "0.2.3"

"papaparse@^5.3.0":
  "integrity" "sha512-Lb7jN/4bTpiuGPrYy4tkKoUS8sTki8zacB5ke1p5zolhcSE4TlWgrlsxjrDTbG/dFVh07ck7X36hUf/b5V68pg=="
  "resolved" "https://registry.npmjs.org/papaparse/-/papaparse-5.3.0.tgz"
  "version" "5.3.0"

"printj@~1.1.0", "printj@~1.1.2":
  "integrity" "sha512-zA2SmoLaxZyArQTOPj5LXecR+RagfPSU5Kw1qP+jkWeNlrq+eJZyY2oS68SU1Z/7/myXM4lo9716laOFAVStCQ=="
  "resolved" "https://registry.npmjs.org/printj/-/printj-1.1.2.tgz"
  "version" "1.1.2"

"process-nextick-args@~2.0.0":
  "integrity" "sha512-3ouUOpQhtgrbOa17J7+uxOTpITYWaGP7/AhoR3+A+/1e9skrzelGi/dXzEYyvbxubEF6Wn2ypscTKiKJFFn1ag=="
  "resolved" "https://registry.npmjs.org/process-nextick-args/-/process-nextick-args-2.0.1.tgz"
  "version" "2.0.1"

"react-native-securerandom@^0.1.1":
  "integrity" "sha1-8TBiOkEsM4sK+t7bwgTFy7i/IHA="
  "resolved" "https://registry.npmjs.org/react-native-securerandom/-/react-native-securerandom-0.1.1.tgz"
  "version" "0.1.1"
  dependencies:
    "base64-js" "*"

"readable-stream@^2.1.0":
  "integrity" "sha512-Ebho8K4jIbHAxnuxi7o42OrZgF/ZTNcsZj6nRKyUmkhLFq8CHItp/fy6hQZuZmP/n3yZ9VBUbp4zz/mX8hmYPw=="
  "resolved" "https://registry.npmjs.org/readable-stream/-/readable-stream-2.3.7.tgz"
  "version" "2.3.7"
  dependencies:
    "core-util-is" "~1.0.0"
    "inherits" "~2.0.3"
    "isarray" "~1.0.0"
    "process-nextick-args" "~2.0.0"
    "safe-buffer" "~5.1.1"
    "string_decoder" "~1.1.1"
    "util-deprecate" "~1.0.1"

"readable-stream@^3.6.0":
  "integrity" "sha512-BViHy7LKeTz4oNnkcLJ+lVSL6vpiFeX6/d3oSH8zCW7UxP2onchk+vTGB143xuFjHS3deTgkKoXXymXqymiIdA=="
  "resolved" "https://registry.npmjs.org/readable-stream/-/readable-stream-3.6.0.tgz"
  "version" "3.6.0"
  dependencies:
    "inherits" "^2.0.3"
    "string_decoder" "^1.1.1"
    "util-deprecate" "^1.0.1"

"recursive-readdir@^2.2.2":
  "integrity" "sha512-nRCcW9Sj7NuZwa2XvH9co8NPeXUBhZP7CRKJtU+cS6PW9FpCIFoI5ib0NT1ZrbNuPoRy0ylyCaUL8Gih4LSyFg=="
  "resolved" "https://registry.npmjs.org/recursive-readdir/-/recursive-readdir-2.2.2.tgz"
  "version" "2.2.2"
  dependencies:
    "minimatch" "3.0.4"

"require-directory@^2.1.1":
  "integrity" "sha1-jGStX9MNqxyXbiNE/+f3kqam30I="
  "resolved" "https://registry.npmjs.org/require-directory/-/require-directory-2.1.1.tgz"
  "version" "2.1.1"

"safe-buffer@~5.1.0", "safe-buffer@~5.1.1":
  "integrity" "sha512-Gd2UZBJDkXlY7GbJxfsE8/nvKkUEU1G38c1siN6QP6a9PT9MmHB8GnpscSmMJSoF8LOIrt8ud/wPtojys4G6+g=="
  "resolved" "https://registry.npmjs.org/safe-buffer/-/safe-buffer-5.1.2.tgz"
  "version" "5.1.2"

"safer-buffer@^2.1.0":
  "integrity" "sha512-YZo3K82SD7Riyi0E1EQPojLz7kpepnSQI9IyPbHHg1XXXevb5dJI7tpyN2ADxGcQbHG7vcyRHk0cbwqcQriUtg=="
  "resolved" "https://registry.npmjs.org/safer-buffer/-/safer-buffer-2.1.2.tgz"
  "version" "2.1.2"

"sax@~1.1.1":
  "integrity" "sha1-XWFr6KXmB9VOEUr65Vt+ry/MMkA="
  "resolved" "https://registry.npmjs.org/sax/-/sax-1.1.6.tgz"
  "version" "1.1.6"

"semver@^6.0.0":
  "integrity" "sha512-b39TBaTSfV6yBrapU89p5fKekE2m/NwnDocOVruQFS1/veMgdzuPcnOM34M6CwxW8jH/lxEa5rBoDeUwu5HHTw=="
  "resolved" "https://registry.npmjs.org/semver/-/semver-6.3.0.tgz"
  "version" "6.3.0"

"signal-exit@^3.0.2":
  "integrity" "sha512-VUJ49FC8U1OxwZLxIbTTrDvLnf/6TDgxZcK8wxR8zs13xpx7xbG60ndBlhNrFi2EMuFRoeDoJO7wthSLq42EjA=="
  "resolved" "https://registry.npmjs.org/signal-exit/-/signal-exit-3.0.3.tgz"
  "version" "3.0.3"

"source-map@^0.6.1":
  "integrity" "sha512-UjgapumWlbMhkBgzT7Ykc5YXUT46F0iKu8SGXq0bcwP5dz/h0Plj6enJqjz1Zbq2l5WaqYnrVbwWOWMyF3F47g=="
  "resolved" "https://registry.npmjs.org/source-map/-/source-map-0.6.1.tgz"
  "version" "0.6.1"

"sprintf-js@~1.0.2":
  "integrity" "sha1-BOaSb2YolTVPPdAVIDYzuFcpfiw="
  "resolved" "https://registry.npmjs.org/sprintf-js/-/sprintf-js-1.0.3.tgz"
  "version" "1.0.3"

"ssf@~0.11.2":
  "integrity" "sha512-+idbmIXoYET47hH+d7dfm2epdOMUDjqcB4648sTZ+t2JwoyBFL/insLfB/racrDmsKB3diwsDA696pZMieAC5g=="
  "resolved" "https://registry.npmjs.org/ssf/-/ssf-0.11.2.tgz"
  "version" "0.11.2"
  dependencies:
    "frac" "~1.1.2"

"str2buf@^1.3.0":
  "integrity" "sha512-xIBmHIUHYZDP4HyoXGHYNVmxlXLXDrtFHYT0eV6IOdEj3VO9ccaF1Ejl9Oq8iFjITllpT8FhaXb4KsNmw+3EuA=="
  "resolved" "https://registry.npmjs.org/str2buf/-/str2buf-1.3.0.tgz"
  "version" "1.3.0"

"stream-transform@^0.1.1":
  "integrity" "sha1-fY5rTgOsR4F3j4x5UXUBv7B2Kp8="
  "resolved" "https://registry.npmjs.org/stream-transform/-/stream-transform-0.1.2.tgz"
  "version" "0.1.2"

"stream@0.0.2":
  "integrity" "sha1-f1Nj8Ff2WSxVlfALyAon9c7B8O8="
  "resolved" "https://registry.npmjs.org/stream/-/stream-0.0.2.tgz"
  "version" "0.0.2"
  dependencies:
    "emitter-component" "^1.1.1"

"string_decoder@^1.1.1", "string_decoder@~1.1.1":
  "integrity" "sha512-n/ShnvDi6FHbbVfviro+WojiFzv+s8MPMHBczVePfUpDJLwoLT0ht1l4YwBCbi8pJAveEEdnkHyPyTP/mzRfwg=="
  "resolved" "https://registry.npmjs.org/string_decoder/-/string_decoder-1.1.1.tgz"
  "version" "1.1.1"
  dependencies:
    "safe-buffer" "~5.1.0"

"string-to-stream@^1.1.0":
  "integrity" "sha512-QySF2+3Rwq0SdO3s7BAp4x+c3qsClpPQ6abAmb0DGViiSBAkT5kL6JT2iyzEVP+T1SmzHrQD1TwlP9QAHCc+Sw=="
  "resolved" "https://registry.npmjs.org/string-to-stream/-/string-to-stream-1.1.1.tgz"
  "version" "1.1.1"
  dependencies:
    "inherits" "^2.0.1"
    "readable-stream" "^2.1.0"

"string-width@^4.1.0", "string-width@^4.2.0":
  "integrity" "sha512-XBJbT3N4JhVumXE0eoLU9DCjcaF92KLNqTmFCnG1pf8duUxFGwtP6AD6nkjw9a3IdiRtL3E2w3JDiE/xi3vOeA=="
  "resolved" "https://registry.npmjs.org/string-width/-/string-width-4.2.2.tgz"
  "version" "4.2.2"
  dependencies:
    "emoji-regex" "^8.0.0"
    "is-fullwidth-code-point" "^3.0.0"
    "strip-ansi" "^6.0.0"

"strip-ansi@^6.0.0":
  "integrity" "sha512-AuvKTrTfQNYNIctbR1K/YGTR1756GycPsg7b9bdV9Duqur4gv6aKqHXah67Z8ImS7WEz5QVcOtlfW2rZEugt6w=="
  "resolved" "https://registry.npmjs.org/strip-ansi/-/strip-ansi-6.0.0.tgz"
  "version" "6.0.0"
  dependencies:
    "ansi-regex" "^5.0.0"

"text-encoding@^0.6.1":
  "integrity" "sha1-45mpgiV6J22uQou5KEXLcb3CbRk="
  "resolved" "https://registry.npmjs.org/text-encoding/-/text-encoding-0.6.4.tgz"
  "version" "0.6.4"

"typedarray-to-buffer@^3.1.5":
  "integrity" "sha512-zdu8XMNEDepKKR+XYOXAVPtWui0ly0NtohUscw+UmaHiAWT8hrV1rr//H6V+0DvJ3OQ19S979M0laLfX8rm82Q=="
  "resolved" "https://registry.npmjs.org/typedarray-to-buffer/-/typedarray-to-buffer-3.1.5.tgz"
  "version" "3.1.5"
  dependencies:
    "is-typedarray" "^1.0.0"

"typeof-article@^0.1.1":
  "integrity" "sha1-nwfnM8P7tkb/qeYcCN66zUYOBq8="
  "resolved" "https://registry.npmjs.org/typeof-article/-/typeof-article-0.1.1.tgz"
  "version" "0.1.1"
  dependencies:
    "kind-of" "^3.1.0"

"uglify-js@^3.1.4":
  "integrity" "sha512-xtB8yEqIkn7zmOyS2zUNBsYCBRhDkvlNxMMY2smuJ/qA8NCHeQvKCF3i9Z4k8FJH4+PJvZRtMrPynfZ75+CSZw=="
  "resolved" "https://registry.npmjs.org/uglify-js/-/uglify-js-3.13.5.tgz"
  "version" "3.13.5"

"unique-string@^2.0.0":
  "integrity" "sha512-uNaeirEPvpZWSgzwsPGtU2zVSTrn/8L5q/IexZmH0eH6SA73CmAA5U4GwORTxQAZs95TAXLNqeLoPPNO5gZfWg=="
  "resolved" "https://registry.npmjs.org/unique-string/-/unique-string-2.0.0.tgz"
  "version" "2.0.0"
  dependencies:
    "crypto-random-string" "^2.0.0"

"util-deprecate@^1.0.1", "util-deprecate@~1.0.1":
  "integrity" "sha1-RQ1Nyfpw3nMnYvvS1KKJgUGaDM8="
  "resolved" "https://registry.npmjs.org/util-deprecate/-/util-deprecate-1.0.2.tgz"
  "version" "1.0.2"

"webcrypto-shim@^0.1.4":
  "integrity" "sha512-0o612s3S5z3IkDSRghIwd3Ul4X8NRmmZDpt6PWGI9gSM+nygVvrfzGjhIh4vwzlOJxYxS0fcFD1wh3yznuVzFg=="
  "resolved" "https://registry.npmjs.org/webcrypto-shim/-/webcrypto-shim-0.1.6.tgz"
  "version" "0.1.6"

"wmf@~1.0.1":
  "integrity" "sha512-/p9K7bEh0Dj6WbXg4JG0xvLQmIadrner1bi45VMJTfnbVHsc7yIajZyoSoK60/dtVBs12Fm6WkUI5/3WAVsNMw=="
  "resolved" "https://registry.npmjs.org/wmf/-/wmf-1.0.2.tgz"
  "version" "1.0.2"

"word@~0.3.0":
  "integrity" "sha512-OELeY0Q61OXpdUfTp+oweA/vtLVg5VDOXh+3he3PNzLGG/y0oylSOC1xRVj0+l4vQ3tj/bB1HVHv1ocXkQceFA=="
  "resolved" "https://registry.npmjs.org/word/-/word-0.3.0.tgz"
  "version" "0.3.0"

"wordwrap@^1.0.0":
  "integrity" "sha1-J1hIEIkUVqQXHI0CJkQa3pDLyus="
  "resolved" "https://registry.npmjs.org/wordwrap/-/wordwrap-1.0.0.tgz"
  "version" "1.0.0"

"wrap-ansi@^7.0.0":
  "integrity" "sha512-YVGIj2kamLSTxw6NsZjoBxfSwsn0ycdesmc4p+Q21c5zPuZ1pl+NfxVdxPtdHvmNVOQ6XSYG4AUtyt/Fi7D16Q=="
  "resolved" "https://registry.npmjs.org/wrap-ansi/-/wrap-ansi-7.0.0.tgz"
  "version" "7.0.0"
  dependencies:
    "ansi-styles" "^4.0.0"
    "string-width" "^4.1.0"
    "strip-ansi" "^6.0.0"

"write-file-atomic@^3.0.0":
  "integrity" "sha512-AvHcyZ5JnSfq3ioSyjrBkH9yW4m7Ayk8/9My/DD9onKeu/94fwrMocemO2QAJFAlnnDN+ZDS+ZjAR5ua1/PV/Q=="
  "resolved" "https://registry.npmjs.org/write-file-atomic/-/write-file-atomic-3.0.3.tgz"
  "version" "3.0.3"
  dependencies:
    "imurmurhash" "^0.1.4"
    "is-typedarray" "^1.0.0"
    "signal-exit" "^3.0.2"
    "typedarray-to-buffer" "^3.1.5"

"xdg-basedir@^4.0.0":
  "integrity" "sha512-PSNhEJDejZYV7h50BohL09Er9VaIefr2LMAf3OEmpCkjOi34eYyQYAXUTjEQtZJTKcF0E2UKTh+osDLsgNim9Q=="
  "resolved" "https://registry.npmjs.org/xdg-basedir/-/xdg-basedir-4.0.0.tgz"
  "version" "4.0.0"

"xlsx@^0.17.0":
  "integrity" "sha512-bZ36FSACiAyjoldey1+7it50PMlDp1pcAJrZKcVZHzKd8BC/z6TQ/QAN8onuqcepifqSznR6uKnjPhaGt6ig9A=="
  "resolved" "https://registry.npmjs.org/xlsx/-/xlsx-0.17.0.tgz"
  "version" "0.17.0"
  dependencies:
    "adler-32" "~1.2.0"
    "cfb" "^1.1.4"
    "codepage" "~1.14.0"
    "commander" "~2.17.1"
    "crc-32" "~1.2.0"
    "exit-on-epipe" "~1.0.1"
    "fflate" "^0.3.8"
    "ssf" "~0.11.2"
    "wmf" "~1.0.1"
    "word" "~0.3.0"

"xmldoc@^0.4.0":
  "integrity" "sha1-0lciS+g5PqrL+DfvIn/Y7CWzaIg="
  "resolved" "https://registry.npmjs.org/xmldoc/-/xmldoc-0.4.0.tgz"
  "version" "0.4.0"
  dependencies:
    "sax" "~1.1.1"

"y18n@^5.0.5":
  "integrity" "sha512-0pfFzegeDWJHJIAmTLRP2DwHjdF5s7jo9tuztdQxAhINCdvS+3nGINqPd00AphqJR/0LhANUS6/+7SCb98YOfA=="
  "resolved" "https://registry.npmjs.org/y18n/-/y18n-5.0.8.tgz"
  "version" "5.0.8"

"yargs-parser@^20.2.2":
  "integrity" "sha512-FiNkvbeHzB/syOjIUxFDCnhSfzAL8R5vs40MgLFBorXACCOAEaWu0gRZl14vG8MR9AOJIZbmkjhusqBYZ3HTHw=="
  "resolved" "https://registry.npmjs.org/yargs-parser/-/yargs-parser-20.2.7.tgz"
  "version" "20.2.7"

"yargs@^16.2.0":
  "integrity" "sha512-D1mvvtDG0L5ft/jGWkLpG1+m0eQxOfaBvTNELraWj22wSVUMWxZUvYgJYcKh6jGGIkJFhH4IZPQhR4TKpc8mBw=="
  "resolved" "https://registry.npmjs.org/yargs/-/yargs-16.2.0.tgz"
  "version" "16.2.0"
  dependencies:
    "cliui" "^7.0.2"
    "escalade" "^3.1.1"
    "get-caller-file" "^2.0.5"
    "require-directory" "^2.1.1"
    "string-width" "^4.2.0"
    "y18n" "^5.0.5"
    "yargs-parser" "^20.2.2"
